{
  "name": "snacks-site",
  "lockfileVersion": 2,
  "requires": true,
  "packages": {
    "": {
      "dependencies": {
        "@motionone/solid": "^10.16.0"
      }
    },
    "node_modules/@motionone/animation": {
      "version": "10.15.1",
      "resolved": "https://registry.npmjs.org/@motionone/animation/-/animation-10.15.1.tgz",
      "integrity": "sha512-mZcJxLjHor+bhcPuIFErMDNyrdb2vJur8lSfMCsuCB4UyV8ILZLvK+t+pg56erv8ud9xQGK/1OGPt10agPrCyQ==",
      "dependencies": {
        "@motionone/easing": "^10.15.1",
        "@motionone/types": "^10.15.1",
        "@motionone/utils": "^10.15.1",
        "tslib": "^2.3.1"
      }
    },
    "node_modules/@motionone/dom": {
      "version": "10.15.5",
      "resolved": "https://registry.npmjs.org/@motionone/dom/-/dom-10.15.5.tgz",
      "integrity": "sha512-Xc5avlgyh3xukU9tydh9+8mB8+2zAq+WlLsC3eEIp7Ax7DnXgY7Bj/iv0a4X2R9z9ZFZiaXK3BO0xMYHKbAAdA==",
      "dependencies": {
        "@motionone/animation": "^10.15.1",
        "@motionone/generators": "^10.15.1",
        "@motionone/types": "^10.15.1",
        "@motionone/utils": "^10.15.1",
        "hey-listen": "^1.0.8",
        "tslib": "^2.3.1"
      }
    },
    "node_modules/@motionone/easing": {
      "version": "10.15.1",
      "resolved": "https://registry.npmjs.org/@motionone/easing/-/easing-10.15.1.tgz",
      "integrity": "sha512-6hIHBSV+ZVehf9dcKZLT7p5PEKHGhDwky2k8RKkmOvUoYP3S+dXsKupyZpqx5apjd9f+php4vXk4LuS+ADsrWw==",
      "dependencies": {
        "@motionone/utils": "^10.15.1",
        "tslib": "^2.3.1"
      }
    },
    "node_modules/@motionone/generators": {
      "version": "10.15.1",
      "resolved": "https://registry.npmjs.org/@motionone/generators/-/generators-10.15.1.tgz",
      "integrity": "sha512-67HLsvHJbw6cIbLA/o+gsm7h+6D4Sn7AUrB/GPxvujse1cGZ38F5H7DzoH7PhX+sjvtDnt2IhFYF2Zp1QTMKWQ==",
      "dependencies": {
        "@motionone/types": "^10.15.1",
        "@motionone/utils": "^10.15.1",
        "tslib": "^2.3.1"
      }
    },
    "node_modules/@motionone/solid": {
      "version": "10.16.0",
      "resolved": "https://registry.npmjs.org/@motionone/solid/-/solid-10.16.0.tgz",
      "integrity": "sha512-pxE5qQEtwv42bAllHFVapZevX5T4YTYzFe7vo0+Lljqyx+7+jP1NT0fosBUAOhDNdJNANNMldXwyh+qGBW5BrA==",
      "dependencies": {
        "@motionone/dom": "^10.15.5",
        "@motionone/utils": "^10.15.1",
        "@solid-primitives/props": "^3.1.1",
        "@solid-primitives/refs": "^1.0.0",
        "@solid-primitives/transition-group": "^1.0.0"
      },
      "peerDependencies": {
        "solid-js": "^1.5.0"
      }
    },
    "node_modules/@motionone/types": {
      "version": "10.15.1",
      "resolved": "https://registry.npmjs.org/@motionone/types/-/types-10.15.1.tgz",
      "integrity": "sha512-iIUd/EgUsRZGrvW0jqdst8st7zKTzS9EsKkP+6c6n4MPZoQHwiHuVtTQLD6Kp0bsBLhNzKIBlHXponn/SDT4hA=="
    },
    "node_modules/@motionone/utils": {
      "version": "10.15.1",
      "resolved": "https://registry.npmjs.org/@motionone/utils/-/utils-10.15.1.tgz",
      "integrity": "sha512-p0YncgU+iklvYr/Dq4NobTRdAPv9PveRDUXabPEeOjBLSO/1FNB2phNTZxOxpi1/GZwYpAoECEa0Wam+nsmhSw==",
      "dependencies": {
        "@motionone/types": "^10.15.1",
        "hey-listen": "^1.0.8",
        "tslib": "^2.3.1"
      }
    },
    "node_modules/@solid-primitives/props": {
      "version": "3.1.4",
      "resolved": "https://registry.npmjs.org/@solid-primitives/props/-/props-3.1.4.tgz",
      "integrity": "sha512-RiwOZXbqb3RMmkznyfI63gwAB/iVHPk8AWN55oIEBRkjzgpuqRXIzdbsSQVy23jMbkRs91tRtzxQ/g6eoWLnuQ==",
      "dependencies": {
        "@solid-primitives/utils": "^6.0.0"
      },
      "peerDependencies": {
        "solid-js": "^1.6.12"
      }
    },
    "node_modules/@solid-primitives/refs": {
      "version": "1.0.2",
      "resolved": "https://registry.npmjs.org/@solid-primitives/refs/-/refs-1.0.2.tgz",
      "integrity": "sha512-qnqQRdYbsENlVx86QCfftRKGZ/9zUJMGK9U85xDRymocEyeUXxdxgq0FeyGhvgg4A25spJVwHmuZUGY0aMBBLA==",
      "dependencies": {
        "@solid-primitives/utils": "^6.0.0"
      },
      "peerDependencies": {
        "solid-js": "^1.6.12"
      }
    },
    "node_modules/@solid-primitives/transition-group": {
      "version": "1.0.1",
      "resolved": "https://registry.npmjs.org/@solid-primitives/transition-group/-/transition-group-1.0.1.tgz",
      "integrity": "sha512-StVQs7BVGQa1uo6dD19wqOgfGMxu3gL/bvPHUV/NBJaiNX5R5e7dPb6lz6zR1RdTho3M+3Mv8jUHKd/aKuhL4w==",
      "peerDependencies": {
        "solid-js": "^1.6.12"
      }
    },
    "node_modules/@solid-primitives/utils": {
      "version": "6.0.0",
      "resolved": "https://registry.npmjs.org/@solid-primitives/utils/-/utils-6.0.0.tgz",
      "integrity": "sha512-SSu12+vvU6J8SVWW9eGV+dqiMsc0WG1Oy8YYY9AWzRzssmzNXg/uexaW+0eqTuj8JcRAaGplMDjhraB01HOidA==",
      "peerDependencies": {
        "solid-js": "^1.6.12"
      }
    },
    "node_modules/csstype": {
      "version": "3.1.2",
      "resolved": "https://registry.npmjs.org/csstype/-/csstype-3.1.2.tgz",
      "integrity": "sha512-I7K1Uu0MBPzaFKg4nI5Q7Vs2t+3gWWW648spaF+Rg7pI9ds18Ugn+lvg4SHczUdKlHI5LWBXyqfS8+DufyBsgQ==",
      "peer": true
    },
    "node_modules/hey-listen": {
      "version": "1.0.8",
      "resolved": "https://registry.npmjs.org/hey-listen/-/hey-listen-1.0.8.tgz",
      "integrity": "sha512-COpmrF2NOg4TBWUJ5UVyaCU2A88wEMkUPK4hNqyCkqHbxT92BbvfjoSozkAIIm6XhicGlJHhFdullInrdhwU8Q=="
    },
    "node_modules/seroval": {
      "version": "0.5.1",
      "resolved": "https://registry.npmjs.org/seroval/-/seroval-0.5.1.tgz",
      "integrity": "sha512-ZfhQVB59hmIauJG5Ydynupy8KHyr5imGNtdDhbZG68Ufh1Ynkv9KOYOAABf71oVbQxJ8VkWnMHAjEHE7fWkH5g==",
      "peer": true,
      "engines": {
        "node": ">=10"
      }
    },
    "node_modules/solid-js": {
      "version": "1.7.1",
      "resolved": "https://registry.npmjs.org/solid-js/-/solid-js-1.7.1.tgz",
      "integrity": "sha512-G7wPaRsxY+Mr6GTVSHIqrpHoJNM5YHX6V/X03mPo9RmsuVZU6ZA2O+jVJty6mOyGME24WR30E55L0IQsxxO/vg==",
      "peer": true,
      "dependencies": {
        "csstype": "^3.1.0",
        "seroval": "^0.5.0"
      }
    },
    "node_modules/tslib": {
      "version": "2.5.0",
      "resolved": "https://registry.npmjs.org/tslib/-/tslib-2.5.0.tgz",
      "integrity": "sha512-336iVw3rtn2BUK7ORdIAHTyxHGRIHVReokCR3XjbckJMK7ms8FysBfhLR8IXnAgy7T0PTPNBWKiH514FOW/WSg=="
    }
  },
  "dependencies": {
    "@motionone/animation": {
      "version": "10.15.1",
      "resolved": "https://registry.npmjs.org/@motionone/animation/-/animation-10.15.1.tgz",
      "integrity": "sha512-mZcJxLjHor+bhcPuIFErMDNyrdb2vJur8lSfMCsuCB4UyV8ILZLvK+t+pg56erv8ud9xQGK/1OGPt10agPrCyQ==",
      "requires": {
        "@motionone/easing": "^10.15.1",
        "@motionone/types": "^10.15.1",
        "@motionone/utils": "^10.15.1",
        "tslib": "^2.3.1"
      }
    },
    "@motionone/dom": {
      "version": "10.15.5",
      "resolved": "https://registry.npmjs.org/@motionone/dom/-/dom-10.15.5.tgz",
      "integrity": "sha512-Xc5avlgyh3xukU9tydh9+8mB8+2zAq+WlLsC3eEIp7Ax7DnXgY7Bj/iv0a4X2R9z9ZFZiaXK3BO0xMYHKbAAdA==",
      "requires": {
        "@motionone/animation": "^10.15.1",
        "@motionone/generators": "^10.15.1",
        "@motionone/types": "^10.15.1",
        "@motionone/utils": "^10.15.1",
        "hey-listen": "^1.0.8",
        "tslib": "^2.3.1"
      }
    },
    "@motionone/easing": {
      "version": "10.15.1",
      "resolved": "https://registry.npmjs.org/@motionone/easing/-/easing-10.15.1.tgz",
      "integrity": "sha512-6hIHBSV+ZVehf9dcKZLT7p5PEKHGhDwky2k8RKkmOvUoYP3S+dXsKupyZpqx5apjd9f+php4vXk4LuS+ADsrWw==",
      "requires": {
        "@motionone/utils": "^10.15.1",
        "tslib": "^2.3.1"
      }
    },
    "@motionone/generators": {
      "version": "10.15.1",
      "resolved": "https://registry.npmjs.org/@motionone/generators/-/generators-10.15.1.tgz",
      "integrity": "sha512-67HLsvHJbw6cIbLA/o+gsm7h+6D4Sn7AUrB/GPxvujse1cGZ38F5H7DzoH7PhX+sjvtDnt2IhFYF2Zp1QTMKWQ==",
      "requires": {
        "@motionone/types": "^10.15.1",
        "@motionone/utils": "^10.15.1",
        "tslib": "^2.3.1"
      }
    },
    "@motionone/solid": {
      "version": "10.16.0",
      "resolved": "https://registry.npmjs.org/@motionone/solid/-/solid-10.16.0.tgz",
      "integrity": "sha512-pxE5qQEtwv42bAllHFVapZevX5T4YTYzFe7vo0+Lljqyx+7+jP1NT0fosBUAOhDNdJNANNMldXwyh+qGBW5BrA==",
      "requires": {
        "@motionone/dom": "^10.15.5",
        "@motionone/utils": "^10.15.1",
        "@solid-primitives/props": "^3.1.1",
        "@solid-primitives/refs": "^1.0.0",
        "@solid-primitives/transition-group": "^1.0.0"
      }
    },
    "@motionone/types": {
      "version": "10.15.1",
      "resolved": "https://registry.npmjs.org/@motionone/types/-/types-10.15.1.tgz",
      "integrity": "sha512-iIUd/EgUsRZGrvW0jqdst8st7zKTzS9EsKkP+6c6n4MPZoQHwiHuVtTQLD6Kp0bsBLhNzKIBlHXponn/SDT4hA=="
    },
    "@motionone/utils": {
      "version": "10.15.1",
      "resolved": "https://registry.npmjs.org/@motionone/utils/-/utils-10.15.1.tgz",
      "integrity": "sha512-p0YncgU+iklvYr/Dq4NobTRdAPv9PveRDUXabPEeOjBLSO/1FNB2phNTZxOxpi1/GZwYpAoECEa0Wam+nsmhSw==",
      "requires": {
        "@motionone/types": "^10.15.1",
        "hey-listen": "^1.0.8",
        "tslib": "^2.3.1"
      }
    },
    "@solid-primitives/props": {
      "version": "3.1.4",
      "resolved": "https://registry.npmjs.org/@solid-primitives/props/-/props-3.1.4.tgz",
      "integrity": "sha512-RiwOZXbqb3RMmkznyfI63gwAB/iVHPk8AWN55oIEBRkjzgpuqRXIzdbsSQVy23jMbkRs91tRtzxQ/g6eoWLnuQ==",
      "requires": {
        "@solid-primitives/utils": "^6.0.0"
      }
    },
    "@solid-primitives/refs": {
      "version": "1.0.2",
      "resolved": "https://registry.npmjs.org/@solid-primitives/refs/-/refs-1.0.2.tgz",
      "integrity": "sha512-qnqQRdYbsENlVx86QCfftRKGZ/9zUJMGK9U85xDRymocEyeUXxdxgq0FeyGhvgg4A25spJVwHmuZUGY0aMBBLA==",
      "requires": {
        "@solid-primitives/utils": "^6.0.0"
      }
    },
    "@solid-primitives/transition-group": {
      "version": "1.0.1",
      "resolved": "https://registry.npmjs.org/@solid-primitives/transition-group/-/transition-group-1.0.1.tgz",
      "integrity": "sha512-StVQs7BVGQa1uo6dD19wqOgfGMxu3gL/bvPHUV/NBJaiNX5R5e7dPb6lz6zR1RdTho3M+3Mv8jUHKd/aKuhL4w==",
      "requires": {}
    },
    "@solid-primitives/utils": {
      "version": "6.0.0",
      "resolved": "https://registry.npmjs.org/@solid-primitives/utils/-/utils-6.0.0.tgz",
      "integrity": "sha512-SSu12+vvU6J8SVWW9eGV+dqiMsc0WG1Oy8YYY9AWzRzssmzNXg/uexaW+0eqTuj8JcRAaGplMDjhraB01HOidA==",
      "requires": {}
    },
    "csstype": {
      "version": "3.1.2",
      "resolved": "https://registry.npmjs.org/csstype/-/csstype-3.1.2.tgz",
      "integrity": "sha512-I7K1Uu0MBPzaFKg4nI5Q7Vs2t+3gWWW648spaF+Rg7pI9ds18Ugn+lvg4SHczUdKlHI5LWBXyqfS8+DufyBsgQ==",
      "peer": true
    },
    "hey-listen": {
      "version": "1.0.8",
      "resolved": "https://registry.npmjs.org/hey-listen/-/hey-listen-1.0.8.tgz",
      "integrity": "sha512-COpmrF2NOg4TBWUJ5UVyaCU2A88wEMkUPK4hNqyCkqHbxT92BbvfjoSozkAIIm6XhicGlJHhFdullInrdhwU8Q=="
    },
    "seroval": {
      "version": "0.5.1",
      "resolved": "https://registry.npmjs.org/seroval/-/seroval-0.5.1.tgz",
      "integrity": "sha512-ZfhQVB59hmIauJG5Ydynupy8KHyr5imGNtdDhbZG68Ufh1Ynkv9KOYOAABf71oVbQxJ8VkWnMHAjEHE7fWkH5g==",
      "peer": true
    },
    "solid-js": {
      "version": "1.7.1",
      "resolved": "https://registry.npmjs.org/solid-js/-/solid-js-1.7.1.tgz",
      "integrity": "sha512-G7wPaRsxY+Mr6GTVSHIqrpHoJNM5YHX6V/X03mPo9RmsuVZU6ZA2O+jVJty6mOyGME24WR30E55L0IQsxxO/vg==",
      "peer": true,
      "requires": {
        "csstype": "^3.1.0",
        "seroval": "^0.5.0"
      }
    },
    "tslib": {
      "version": "2.5.0",
      "resolved": "https://registry.npmjs.org/tslib/-/tslib-2.5.0.tgz",
      "integrity": "sha512-336iVw3rtn2BUK7ORdIAHTyxHGRIHVReokCR3XjbckJMK7ms8FysBfhLR8IXnAgy7T0PTPNBWKiH514FOW/WSg=="
    }
  }
}
