{
  "name": "snacks-site",
  "lockfileVersion": 2,
  "requires": true,
  "packages": {
    "": {
      "dependencies": {
        "@sanity/image-url": "^1.0.1"
      }
    },
    "node_modules/@sanity/image-url": {
      "version": "1.0.1",
      "resolved": "https://registry.npmjs.org/@sanity/image-url/-/image-url-1.0.1.tgz",
      "integrity": "sha512-AdKQ3zMk7WdoNwoJPrAvQhW+kUtBldBX0nHtnGy+rwmgsCQ0rAXasrgH43Fhmsp/yB6piiq+F2d5qEuBFsdQVg==",
      "engines": {
        "node": ">=10.0.0"
      }
    }
  },
  "dependencies": {
    "@sanity/image-url": {
      "version": "1.0.1",
      "resolved": "https://registry.npmjs.org/@sanity/image-url/-/image-url-1.0.1.tgz",
      "integrity": "sha512-AdKQ3zMk7WdoNwoJPrAvQhW+kUtBldBX0nHtnGy+rwmgsCQ0rAXasrgH43Fhmsp/yB6piiq+F2d5qEuBFsdQVg=="
    }
  }
}
